// !$*UTF8*$!
{
	archiveVersion = 1;
	classes = {
	};
	objectVersion = 46;
	objects = {

/* Begin PBXBuildFile section */
		1EA658AF165D032C00495EE7 /* Observer.m in Sources */ = {isa = PBXBuildFile; fileRef = 1EA658AE165D032C00495EE7 /* Observer.m */; };
		9F1EB2EE1654ABB1007F2CED /* UIKit.framework in Frameworks */ = {isa = PBXBuildFile; fileRef = 9F1EB2ED1654ABB1007F2CED /* UIKit.framework */; };
		9F1EB2F01654ABB1007F2CED /* Foundation.framework in Frameworks */ = {isa = PBXBuildFile; fileRef = 9F1EB2EF1654ABB1007F2CED /* Foundation.framework */; };
		9F1EB2F21654ABB1007F2CED /* CoreGraphics.framework in Frameworks */ = {isa = PBXBuildFile; fileRef = 9F1EB2F11654ABB1007F2CED /* CoreGraphics.framework */; };
		9F1EB2F81654ABB1007F2CED /* InfoPlist.strings in Resources */ = {isa = PBXBuildFile; fileRef = 9F1EB2F61654ABB1007F2CED /* InfoPlist.strings */; };
		9F1EB2FA1654ABB1007F2CED /* main.m in Sources */ = {isa = PBXBuildFile; fileRef = 9F1EB2F91654ABB1007F2CED /* main.m */; };
		9F1EB2FE1654ABB1007F2CED /* AppDelegate.m in Sources */ = {isa = PBXBuildFile; fileRef = 9F1EB2FD1654ABB1007F2CED /* AppDelegate.m */; };
		9F1EB3001654ABB1007F2CED /* Default.png in Resources */ = {isa = PBXBuildFile; fileRef = 9F1EB2FF1654ABB1007F2CED /* Default.png */; };
		9F1EB3021654ABB1007F2CED /* Default@2x.png in Resources */ = {isa = PBXBuildFile; fileRef = 9F1EB3011654ABB1007F2CED /* Default@2x.png */; };
		9F1EB3041654ABB1007F2CED /* Default-568h@2x.png in Resources */ = {isa = PBXBuildFile; fileRef = 9F1EB3031654ABB1007F2CED /* Default-568h@2x.png */; };
		9F1EB3101654ABC0007F2CED /* MainViewController.m in Sources */ = {isa = PBXBuildFile; fileRef = 9F1EB30F1654ABC0007F2CED /* MainViewController.m */; };
		9F1EB3141654AC46007F2CED /* Person.m in Sources */ = {isa = PBXBuildFile; fileRef = 9F1EB3131654AC46007F2CED /* Person.m */; };
		9FC687D21655A95D00F1C320 /* Macho.m in Sources */ = {isa = PBXBuildFile; fileRef = 9FC687D11655A95D00F1C320 /* Macho.m */; };
/* End PBXBuildFile section */

/* Begin PBXFileReference section */
		1EA658AD165D032C00495EE7 /* Observer.h */ = {isa = PBXFileReference; fileEncoding = 4; lastKnownFileType = sourcecode.c.h; path = Observer.h; sourceTree = "<group>"; };
		1EA658AE165D032C00495EE7 /* Observer.m */ = {isa = PBXFileReference; fileEncoding = 4; lastKnownFileType = sourcecode.c.objc; path = Observer.m; sourceTree = "<group>"; };
		9F1EB2E91654ABB1007F2CED /* ObjetusBase.app */ = {isa = PBXFileReference; explicitFileType = wrapper.application; includeInIndex = 0; path = ObjetusBase.app; sourceTree = BUILT_PRODUCTS_DIR; };
		9F1EB2ED1654ABB1007F2CED /* UIKit.framework */ = {isa = PBXFileReference; lastKnownFileType = wrapper.framework; name = UIKit.framework; path = System/Library/Frameworks/UIKit.framework; sourceTree = SDKROOT; };
		9F1EB2EF1654ABB1007F2CED /* Foundation.framework */ = {isa = PBXFileReference; lastKnownFileType = wrapper.framework; name = Foundation.framework; path = System/Library/Frameworks/Foundation.framework; sourceTree = SDKROOT; };
		9F1EB2F11654ABB1007F2CED /* CoreGraphics.framework */ = {isa = PBXFileReference; lastKnownFileType = wrapper.framework; name = CoreGraphics.framework; path = System/Library/Frameworks/CoreGraphics.framework; sourceTree = SDKROOT; };
		9F1EB2F51654ABB1007F2CED /* ObjetusBase-Info.plist */ = {isa = PBXFileReference; lastKnownFileType = text.plist.xml; path = "ObjetusBase-Info.plist"; sourceTree = "<group>"; };
		9F1EB2F71654ABB1007F2CED /* en */ = {isa = PBXFileReference; lastKnownFileType = text.plist.strings; name = en; path = en.lproj/InfoPlist.strings; sourceTree = "<group>"; };
		9F1EB2F91654ABB1007F2CED /* main.m */ = {isa = PBXFileReference; lastKnownFileType = sourcecode.c.objc; path = main.m; sourceTree = "<group>"; };
		9F1EB2FB1654ABB1007F2CED /* ObjetusBase-Prefix.pch */ = {isa = PBXFileReference; lastKnownFileType = sourcecode.c.h; path = "ObjetusBase-Prefix.pch"; sourceTree = "<group>"; };
		9F1EB2FC1654ABB1007F2CED /* AppDelegate.h */ = {isa = PBXFileReference; lastKnownFileType = sourcecode.c.h; path = AppDelegate.h; sourceTree = "<group>"; };
		9F1EB2FD1654ABB1007F2CED /* AppDelegate.m */ = {isa = PBXFileReference; lastKnownFileType = sourcecode.c.objc; path = AppDelegate.m; sourceTree = "<group>"; };
		9F1EB2FF1654ABB1007F2CED /* Default.png */ = {isa = PBXFileReference; lastKnownFileType = image.png; path = Default.png; sourceTree = "<group>"; };
		9F1EB3011654ABB1007F2CED /* Default@2x.png */ = {isa = PBXFileReference; lastKnownFileType = image.png; path = "Default@2x.png"; sourceTree = "<group>"; };
		9F1EB3031654ABB1007F2CED /* Default-568h@2x.png */ = {isa = PBXFileReference; lastKnownFileType = image.png; path = "Default-568h@2x.png"; sourceTree = "<group>"; };
		9F1EB30E1654ABC0007F2CED /* MainViewController.h */ = {isa = PBXFileReference; fileEncoding = 4; lastKnownFileType = sourcecode.c.h; path = MainViewController.h; sourceTree = "<group>"; };
		9F1EB30F1654ABC0007F2CED /* MainViewController.m */ = {isa = PBXFileReference; fileEncoding = 4; lastKnownFileType = sourcecode.c.objc; path = MainViewController.m; sourceTree = "<group>"; };
		9F1EB3121654AC46007F2CED /* Person.h */ = {isa = PBXFileReference; fileEncoding = 4; lastKnownFileType = sourcecode.c.h; path = Person.h; sourceTree = "<group>"; };
		9F1EB3131654AC46007F2CED /* Person.m */ = {isa = PBXFileReference; fileEncoding = 4; lastKnownFileType = sourcecode.c.objc; path = Person.m; sourceTree = "<group>"; };
		9FC687D01655A95D00F1C320 /* Macho.h */ = {isa = PBXFileReference; fileEncoding = 4; lastKnownFileType = sourcecode.c.h; path = Macho.h; sourceTree = "<group>"; };
		9FC687D11655A95D00F1C320 /* Macho.m */ = {isa = PBXFileReference; fileEncoding = 4; lastKnownFileType = sourcecode.c.objc; path = Macho.m; sourceTree = "<group>"; };
/* End PBXFileReference section */

/* Begin PBXFrameworksBuildPhase section */
		9F1EB2E61654ABB1007F2CED /* Frameworks */ = {
			isa = PBXFrameworksBuildPhase;
			buildActionMask = 2147483647;
			files = (
				9F1EB2EE1654ABB1007F2CED /* UIKit.framework in Frameworks */,
				9F1EB2F01654ABB1007F2CED /* Foundation.framework in Frameworks */,
				9F1EB2F21654ABB1007F2CED /* CoreGraphics.framework in Frameworks */,
			);
			runOnlyForDeploymentPostprocessing = 0;
		};
/* End PBXFrameworksBuildPhase section */

/* Begin PBXGroup section */
		1EA658AB165D031000495EE7 /* Patterns */ = {
			isa = PBXGroup;
			children = (
				1EA658AD165D032C00495EE7 /* Observer.h */,
				1EA658AE165D032C00495EE7 /* Observer.m */,
			);
			name = Patterns;
			sourceTree = "<group>";
		};
		9F1EB2DE1654ABB1007F2CED = {
			isa = PBXGroup;
			children = (
				9F1EB2F31654ABB1007F2CED /* ObjetusBase */,
				9F1EB2EC1654ABB1007F2CED /* Frameworks */,
				9F1EB2EA1654ABB1007F2CED /* Products */,
			);
			sourceTree = "<group>";
		};
		9F1EB2EA1654ABB1007F2CED /* Products */ = {
			isa = PBXGroup;
			children = (
				9F1EB2E91654ABB1007F2CED /* ObjetusBase.app */,
			);
			name = Products;
			sourceTree = "<group>";
		};
		9F1EB2EC1654ABB1007F2CED /* Frameworks */ = {
			isa = PBXGroup;
			children = (
				9F1EB2ED1654ABB1007F2CED /* UIKit.framework */,
				9F1EB2EF1654ABB1007F2CED /* Foundation.framework */,
				9F1EB2F11654ABB1007F2CED /* CoreGraphics.framework */,
			);
			name = Frameworks;
			sourceTree = "<group>";
		};
		9F1EB2F31654ABB1007F2CED /* ObjetusBase */ = {
			isa = PBXGroup;
			children = (
				9F1EB2FC1654ABB1007F2CED /* AppDelegate.h */,
				9F1EB2FD1654ABB1007F2CED /* AppDelegate.m */,
				9F1EB30E1654ABC0007F2CED /* MainViewController.h */,
				9F1EB30F1654ABC0007F2CED /* MainViewController.m */,
				1EA658AB165D031000495EE7 /* Patterns */,
				9F1EB3151654AFA1007F2CED /* objetus */,
				9F1EB2F41654ABB1007F2CED /* Supporting Files */,
			);
			path = ObjetusBase;
			sourceTree = "<group>";
		};
		9F1EB2F41654ABB1007F2CED /* Supporting Files */ = {
			isa = PBXGroup;
			children = (
				9F1EB2F51654ABB1007F2CED /* ObjetusBase-Info.plist */,
				9F1EB2F61654ABB1007F2CED /* InfoPlist.strings */,
				9F1EB2F91654ABB1007F2CED /* main.m */,
				9F1EB2FB1654ABB1007F2CED /* ObjetusBase-Prefix.pch */,
				9F1EB2FF1654ABB1007F2CED /* Default.png */,
				9F1EB3011654ABB1007F2CED /* Default@2x.png */,
				9F1EB3031654ABB1007F2CED /* Default-568h@2x.png */,
			);
			name = "Supporting Files";
			sourceTree = "<group>";
		};
		9F1EB3151654AFA1007F2CED /* objetus */ = {
			isa = PBXGroup;
			children = (
				9F1EB3121654AC46007F2CED /* Person.h */,
				9F1EB3131654AC46007F2CED /* Person.m */,
				9FC687D01655A95D00F1C320 /* Macho.h */,
				9FC687D11655A95D00F1C320 /* Macho.m */,
			);
			name = objetus;
			sourceTree = "<group>";
		};
/* End PBXGroup section */

/* Begin PBXNativeTarget section */
		9F1EB2E81654ABB1007F2CED /* ObjetusBase */ = {
			isa = PBXNativeTarget;
			buildConfigurationList = 9F1EB3071654ABB1007F2CED /* Build configuration list for PBXNativeTarget "ObjetusBase" */;
			buildPhases = (
				9F1EB2E51654ABB1007F2CED /* Sources */,
				9F1EB2E61654ABB1007F2CED /* Frameworks */,
				9F1EB2E71654ABB1007F2CED /* Resources */,
			);
			buildRules = (
			);
			dependencies = (
			);
			name = ObjetusBase;
			productName = ObjetusBase;
			productReference = 9F1EB2E91654ABB1007F2CED /* ObjetusBase.app */;
			productType = "com.apple.product-type.application";
		};
/* End PBXNativeTarget section */

/* Begin PBXProject section */
		9F1EB2E01654ABB1007F2CED /* Project object */ = {
			isa = PBXProject;
			attributes = {
				LastUpgradeCheck = 0450;
				ORGANIZATIONNAME = Orchard;
			};
			buildConfigurationList = 9F1EB2E31654ABB1007F2CED /* Build configuration list for PBXProject "ObjetusBase" */;
			compatibilityVersion = "Xcode 3.2";
			developmentRegion = English;
			hasScannedForEncodings = 0;
			knownRegions = (
				en,
			);
			mainGroup = 9F1EB2DE1654ABB1007F2CED;
			productRefGroup = 9F1EB2EA1654ABB1007F2CED /* Products */;
			projectDirPath = "";
			projectRoot = "";
			targets = (
				9F1EB2E81654ABB1007F2CED /* ObjetusBase */,
			);
		};
/* End PBXProject section */

/* Begin PBXResourcesBuildPhase section */
		9F1EB2E71654ABB1007F2CED /* Resources */ = {
			isa = PBXResourcesBuildPhase;
			buildActionMask = 2147483647;
			files = (
				9F1EB2F81654ABB1007F2CED /* InfoPlist.strings in Resources */,
				9F1EB3001654ABB1007F2CED /* Default.png in Resources */,
				9F1EB3021654ABB1007F2CED /* Default@2x.png in Resources */,
				9F1EB3041654ABB1007F2CED /* Default-568h@2x.png in Resources */,
			);
			runOnlyForDeploymentPostprocessing = 0;
		};
/* End PBXResourcesBuildPhase section */

/* Begin PBXSourcesBuildPhase section */
		9F1EB2E51654ABB1007F2CED /* Sources */ = {
			isa = PBXSourcesBuildPhase;
			buildActionMask = 2147483647;
			files = (
				9F1EB2FA1654ABB1007F2CED /* main.m in Sources */,
				9F1EB2FE1654ABB1007F2CED /* AppDelegate.m in Sources */,
				9F1EB3101654ABC0007F2CED /* MainViewController.m in Sources */,
				9F1EB3141654AC46007F2CED /* Person.m in Sources */,
				9FC687D21655A95D00F1C320 /* Macho.m in Sources */,
				1EA658AF165D032C00495EE7 /* Observer.m in Sources */,
			);
			runOnlyForDeploymentPostprocessing = 0;
		};
/* End PBXSourcesBuildPhase section */

/* Begin PBXVariantGroup section */
		9F1EB2F61654ABB1007F2CED /* InfoPlist.strings */ = {
			isa = PBXVariantGroup;
			children = (
				9F1EB2F71654ABB1007F2CED /* en */,
			);
			name = InfoPlist.strings;
			sourceTree = "<group>";
		};
/* End PBXVariantGroup section */

/* Begin XCBuildConfiguration section */
		9F1EB3051654ABB1007F2CED /* Debug */ = {
			isa = XCBuildConfiguration;
			buildSettings = {
				ALWAYS_SEARCH_USER_PATHS = NO;
				CLANG_CXX_LANGUAGE_STANDARD = "gnu++0x";
				CLANG_CXX_LIBRARY = "libc++";
				CLANG_WARN_EMPTY_BODY = YES;
				CLANG_WARN__DUPLICATE_METHOD_MATCH = YES;
				"CODE_SIGN_IDENTITY[sdk=iphoneos*]" = "iPhone Developer";
				COPY_PHASE_STRIP = NO;
				GCC_C_LANGUAGE_STANDARD = gnu99;
				GCC_DYNAMIC_NO_PIC = NO;
				GCC_OPTIMIZATION_LEVEL = 0;
				GCC_PREPROCESSOR_DEFINITIONS = (
					"DEBUG=1",
					"$(inherited)",
				);
				GCC_SYMBOLS_PRIVATE_EXTERN = NO;
				GCC_WARN_ABOUT_RETURN_TYPE = YES;
				GCC_WARN_UNINITIALIZED_AUTOS = YES;
				GCC_WARN_UNUSED_VARIABLE = YES;
				IPHONEOS_DEPLOYMENT_TARGET = 6.0;
				ONLY_ACTIVE_ARCH = YES;
				SDKROOT = iphoneos;
				TARGETED_DEVICE_FAMILY = "1,2";
			};
			name = Debug;
		};
		9F1EB3061654ABB1007F2CED /* Release */ = {
			isa = XCBuildConfiguration;
			buildSettings = {
				ALWAYS_SEARCH_USER_PATHS = NO;
				CLANG_CXX_LANGUAGE_STANDARD = "gnu++0x";
				CLANG_CXX_LIBRARY = "libc++";
				CLANG_WARN_EMPTY_BODY = YES;
				CLANG_WARN__DUPLICATE_METHOD_MATCH = YES;
				"CODE_SIGN_IDENTITY[sdk=iphoneos*]" = "iPhone Developer";
				COPY_PHASE_STRIP = YES;
				GCC_C_LANGUAGE_STANDARD = gnu99;
				GCC_WARN_ABOUT_RETURN_TYPE = YES;
				GCC_WARN_UNINITIALIZED_AUTOS = YES;
				GCC_WARN_UNUSED_VARIABLE = YES;
				IPHONEOS_DEPLOYMENT_TARGET = 6.0;
				OTHER_CFLAGS = "-DNS_BLOCK_ASSERTIONS=1";
				SDKROOT = iphoneos;
				TARGETED_DEVICE_FAMILY = "1,2";
				VALIDATE_PRODUCT = YES;
			};
			name = Release;
		};
		9F1EB3081654ABB1007F2CED /* Debug */ = {
			isa = XCBuildConfiguration;
			buildSettings = {
				GCC_PRECOMPILE_PREFIX_HEADER = YES;
				GCC_PREFIX_HEADER = "ObjetusBase/ObjetusBase-Prefix.pch";
				INFOPLIST_FILE = "ObjetusBase/ObjetusBase-Info.plist";
				PRODUCT_NAME = "$(TARGET_NAME)";
				WRAPPER_EXTENSION = app;
			};
			name = Debug;
		};
		9F1EB3091654ABB1007F2CED /* Release */ = {
			isa = XCBuildConfiguration;
			buildSettings = {
				GCC_PRECOMPILE_PREFIX_HEADER = YES;
				GCC_PREFIX_HEADER = "ObjetusBase/ObjetusBase-Prefix.pch";
				INFOPLIST_FILE = "ObjetusBase/ObjetusBase-Info.plist";
				PRODUCT_NAME = "$(TARGET_NAME)";
				WRAPPER_EXTENSION = app;
			};
			name = Release;
		};
/* End XCBuildConfiguration section */

/* Begin XCConfigurationList section */
		9F1EB2E31654ABB1007F2CED /* Build configuration list for PBXProject "ObjetusBase" */ = {
			isa = XCConfigurationList;
			buildConfigurations = (
				9F1EB3051654ABB1007F2CED /* Debug */,
				9F1EB3061654ABB1007F2CED /* Release */,
			);
			defaultConfigurationIsVisible = 0;
			defaultConfigurationName = Release;
		};
		9F1EB3071654ABB1007F2CED /* Build configuration list for PBXNativeTarget "ObjetusBase" */ = {
			isa = XCConfigurationList;
			buildConfigurations = (
				9F1EB3081654ABB1007F2CED /* Debug */,
				9F1EB3091654ABB1007F2CED /* Release */,
			);
			defaultConfigurationIsVisible = 0;
			defaultConfigurationName = Release;
		};
/* End XCConfigurationList section */
	};
	rootObject = 9F1EB2E01654ABB1007F2CED /* Project object */;
}
